
Microsoft Visual Studio Solution File, Format Version 12.00
# Visual Studio Version 17
VisualStudioVersion = 17.5.33516.290
MinimumVisualStudioVersion = 10.0.40219.1
Project("{9A19103F-16F7-4668-BE54-9A1E7A4F7556}") = "House_Interior", "Shubham_Dalvi\House_Interior.csproj", "{94401962-1ACD-4F9E-905C-D154F7948469}"
EndProject
Global
	GlobalSection(SolutionConfigurationPlatforms) = preSolution
		Debug|Any CPU = Debug|Any CPU
		Release|Any CPU = Release|Any CPU
	EndGlobalSection
	GlobalSection(ProjectConfigurationPlatforms) = postSolution
		{94401962-1ACD-4F9E-905C-D154F7948469}.Debug|Any CPU.ActiveCfg = Debug|Any CPU
		{94401962-1ACD-4F9E-905C-D154F7948469}.Debug|Any CPU.Build.0 = Debug|Any CPU
		{94401962-1ACD-4F9E-905C-D154F7948469}.Release|Any CPU.ActiveCfg = Release|Any CPU
		{94401962-1ACD-4F9E-905C-D154F7948469}.Release|Any CPU.Build.0 = Release|Any CPU
	EndGlobalSection
	GlobalSection(SolutionProperties) = preSolution
		HideSolutionNode = FALSE
	EndGlobalSection
	GlobalSection(ExtensibilityGlobals) = postSolution
		SolutionGuid = {72230BB1-3E71-494C-9B39-64B27086E1D9}
	EndGlobalSection
EndGlobal
